{
  "name": "htmlfront",
  "lockfileVersion": 2,
  "requires": true,
  "packages": {
    "": {
      "dependencies": {
        "snippet": "^0.1.0"
      }
    },
    "node_modules/ansi-red": {
      "version": "0.1.1",
      "resolved": "https://registry.npmjs.org/ansi-red/-/ansi-red-0.1.1.tgz",
      "integrity": "sha512-ewaIr5y+9CUTGFwZfpECUbFlGcC0GCw1oqR9RI6h1gQCd9Aj2GxSckCnPsVJnmfMZbwFYE+leZGASgkWl06Jow==",
      "dependencies": {
        "ansi-wrap": "0.1.0"
      },
      "engines": {
        "node": ">=0.10.0"
      }
    },
    "node_modules/ansi-wrap": {
      "version": "0.1.0",
      "resolved": "https://registry.npmjs.org/ansi-wrap/-/ansi-wrap-0.1.0.tgz",
      "integrity": "sha512-ZyznvL8k/FZeQHr2T6LzcJ/+vBApDnMNZvfVFy3At0knswWd6rJ3/0Hhmpu8oqa6C92npmozs890sX9Dl6q+Qw==",
      "engines": {
        "node": ">=0.10.0"
      }
    },
    "node_modules/arr-flatten": {
      "version": "1.1.0",
      "resolved": "https://registry.npmjs.org/arr-flatten/-/arr-flatten-1.1.0.tgz",
      "integrity": "sha512-L3hKV5R/p5o81R7O02IGnwpDmkp6E982XhtbuwSe3O4qOtMMMtodicASA1Cny2U+aCXcNpml+m4dPsvsJ3jatg==",
      "engines": {
        "node": ">=0.10.0"
      }
    },
    "node_modules/arr-union": {
      "version": "3.1.0",
      "resolved": "https://registry.npmjs.org/arr-union/-/arr-union-3.1.0.tgz",
      "integrity": "sha512-sKpyeERZ02v1FeCZT8lrfJq5u6goHCtpTAzPwJYe7c8SPFOboNjNg1vz2L4VTn9T4PQxEx13TbXLmYUcS6Ug7Q==",
      "engines": {
        "node": ">=0.10.0"
      }
    },
    "node_modules/balanced-match": {
      "version": "1.0.2",
      "resolved": "https://registry.npmjs.org/balanced-match/-/balanced-match-1.0.2.tgz",
      "integrity": "sha512-3oSeUO0TMV67hN1AmbXsK4yaqU7tjiHlbxRDZOpH0KW9+CeX4bRAaX0Anxt0tx2MrpRpWwQaPwIlISEJhYU5Pw=="
    },
    "node_modules/brace-expansion": {
      "version": "1.1.11",
      "resolved": "https://registry.npmjs.org/brace-expansion/-/brace-expansion-1.1.11.tgz",
      "integrity": "sha512-iCuPHDFgrHX7H2vEI/5xpz07zSHB00TpugqhmYtVmMO6518mCuRMoOYFldEBl0g187ufozdaHgWKcYFb61qGiA==",
      "dependencies": {
        "balanced-match": "^1.0.0",
        "concat-map": "0.0.1"
      }
    },
    "node_modules/co": {
      "version": "3.1.0",
      "resolved": "https://registry.npmjs.org/co/-/co-3.1.0.tgz",
      "integrity": "sha512-CQsjCRiNObI8AtTsNIBDRMQ4oMR83CzEswHYahClvul7gKk+lDQiOKv+5qh7LQWf5sh6jkZNispz/QlsZxyNgA=="
    },
    "node_modules/collection-visit": {
      "version": "0.1.1",
      "resolved": "https://registry.npmjs.org/collection-visit/-/collection-visit-0.1.1.tgz",
      "integrity": "sha512-h2wK0wOJBi6aqnvhPTfCVffjWQbqajfGxEofIsxHkrrOd3g2wEWRmB9YPJDKhAxqzQDjdOFyOs+92riYFMwKbg==",
      "dependencies": {
        "map-visit": "^0.1.0",
        "object-visit": "^0.1.0"
      },
      "engines": {
        "node": ">=0.10.0"
      }
    },
    "node_modules/component-emitter": {
      "version": "1.3.0",
      "resolved": "https://registry.npmjs.org/component-emitter/-/component-emitter-1.3.0.tgz",
      "integrity": "sha512-Rd3se6QB+sO1TwqZjscQrurpEPIfO0/yYnSin6Q/rD3mOutHvUrCAhJub3r90uNb+SESBuE0QYoB90YdfatsRg=="
    },
    "node_modules/concat-map": {
      "version": "0.0.1",
      "resolved": "https://registry.npmjs.org/concat-map/-/concat-map-0.0.1.tgz",
      "integrity": "sha512-/Srv4dswyQNBfohGpz9o6Yb3Gz3SrUDqBH5rTuhGR7ahtlbYKnVxw2bCFMRljaA7EXHaXZ8wsHdodFvbkhKmqg=="
    },
    "node_modules/data-store": {
      "version": "0.8.2",
      "resolved": "https://registry.npmjs.org/data-store/-/data-store-0.8.2.tgz",
      "integrity": "sha512-Rs2PM9oGRCotfSZJKXqjOPGSdc+1CYDCAnH3JlM6UfWX8Urjb9jYLkdB+zgjpBbPMlBAI5R/eHrhgs+ioJ5QbA==",
      "dependencies": {
        "collection-visit": "^0.1.1",
        "component-emitter": "^1.2.0",
        "extend-shallow": "^2.0.1",
        "get-value": "^1.1.5",
        "graceful-fs": "^4.1.2",
        "has-own-deep": "^0.1.4",
        "has-value": "^0.2.0",
        "kind-of": "^2.0.0",
        "lazy-cache": "^0.2.2",
        "mkdirp": "^0.5.1",
        "object.omit": "^2.0.0",
        "rimraf": "^2.4.2",
        "set-value": "^0.2.0",
        "union-value": "^0.1.1"
      },
      "engines": {
        "node": ">=0.10.0"
      }
    },
    "node_modules/error-symbol": {
      "version": "0.1.0",
      "resolved": "https://registry.npmjs.org/error-symbol/-/error-symbol-0.1.0.tgz",
      "integrity": "sha512-VyjaKxUmeDX/m2lxm/aknsJ1GWDWUO2Ze2Ad8S1Pb9dykAm9TjSKp5CjrNyltYqZ5W/PO6TInAmO2/BfwMyT1g==",
      "engines": {
        "node": ">=0.10.0"
      }
    },
    "node_modules/export-files": {
      "version": "2.1.1",
      "resolved": "https://registry.npmjs.org/export-files/-/export-files-2.1.1.tgz",
      "integrity": "sha512-r2x1Zt0OKgdXRy0bXis3sOI8TNYmo5Fe71qXwsvpYaMvIlH5G0fWEf3AYiE2bONjePdSOojca7Jw+p9CQ6/6NQ==",
      "dependencies": {
        "lazy-cache": "^1.0.3"
      },
      "engines": {
        "node": ">=0.10.0"
      }
    },
    "node_modules/export-files/node_modules/lazy-cache": {
      "version": "1.0.4",
      "resolved": "https://registry.npmjs.org/lazy-cache/-/lazy-cache-1.0.4.tgz",
      "integrity": "sha512-RE2g0b5VGZsOCFOCgP7omTRYFqydmZkBwl5oNnQ1lDYC57uyO9KqNnNVxT7COSHTxrRCWVcAVOcbjk+tvh/rgQ==",
      "engines": {
        "node": ">=0.10.0"
      }
    },
    "node_modules/extend-shallow": {
      "version": "2.0.1",
      "resolved": "https://registry.npmjs.org/extend-shallow/-/extend-shallow-2.0.1.tgz",
      "integrity": "sha512-zCnTtlxNoAiDc3gqY2aYAWFx7XWWiasuF2K8Me5WbN8otHKTUKBwjPtNpRs/rbUZm7KxWAaNj7P1a/p52GbVug==",
      "dependencies": {
        "is-extendable": "^0.1.0"
      },
      "engines": {
        "node": ">=0.10.0"
      }
    },
    "node_modules/for-in": {
      "version": "1.0.2",
      "resolved": "https://registry.npmjs.org/for-in/-/for-in-1.0.2.tgz",
      "integrity": "sha512-7EwmXrOjyL+ChxMhmG5lnW9MPt1aIeZEwKhQzoBUdTV0N3zuwWDZYVJatDvZ2OyzPUvdIAZDsCetk3coyMfcnQ==",
      "engines": {
        "node": ">=0.10.0"
      }
    },
    "node_modules/for-own": {
      "version": "0.1.5",
      "resolved": "https://registry.npmjs.org/for-own/-/for-own-0.1.5.tgz",
      "integrity": "sha512-SKmowqGTJoPzLO1T0BBJpkfp3EMacCMOuH40hOUbrbzElVktk4DioXVM99QkLCyKoiuOmyjgcWMpVz2xjE7LZw==",
      "dependencies": {
        "for-in": "^1.0.1"
      },
      "engines": {
        "node": ">=0.10.0"
      }
    },
    "node_modules/fs.realpath": {
      "version": "1.0.0",
      "resolved": "https://registry.npmjs.org/fs.realpath/-/fs.realpath-1.0.0.tgz",
      "integrity": "sha512-OO0pH2lK6a0hZnAdau5ItzHPI6pUlvI7jMVnxUQRtw4owF2wk8lOSabtGDCTP4Ggrg2MbGnWO9X8K1t4+fGMDw=="
    },
    "node_modules/get-value": {
      "version": "1.3.1",
      "resolved": "https://registry.npmjs.org/get-value/-/get-value-1.3.1.tgz",
      "integrity": "sha512-TrDxHI5wqgpM5Guhoz7xmblwy7kzhDauSs4df3NP907yFmLtCkOau8YtGo087jZXKDwP22NG6fCo0UA4EFLjOw==",
      "dependencies": {
        "arr-flatten": "^1.0.1",
        "is-extendable": "^0.1.1",
        "lazy-cache": "^0.2.4",
        "noncharacters": "^1.1.0"
      },
      "engines": {
        "node": ">=0.10.0"
      }
    },
    "node_modules/glob": {
      "version": "7.2.3",
      "resolved": "https://registry.npmjs.org/glob/-/glob-7.2.3.tgz",
      "integrity": "sha512-nFR0zLpU2YCaRxwoCJvL6UvCH2JFyFVIvwTLsIf21AuHlMskA1hhTdk+LlYJtOlYt9v6dvszD2BGRqBL+iQK9Q==",
      "dependencies": {
        "fs.realpath": "^1.0.0",
        "inflight": "^1.0.4",
        "inherits": "2",
        "minimatch": "^3.1.1",
        "once": "^1.3.0",
        "path-is-absolute": "^1.0.0"
      },
      "engines": {
        "node": "*"
      },
      "funding": {
        "url": "https://github.com/sponsors/isaacs"
      }
    },
    "node_modules/graceful-fs": {
      "version": "4.2.11",
      "resolved": "https://registry.npmjs.org/graceful-fs/-/graceful-fs-4.2.11.tgz",
      "integrity": "sha512-RbJ5/jmFcNNCcDV5o9eTnBLJ/HszWV0P73bc+Ff4nS/rJj+YaS6IGyiOL0VoBYX+l1Wrl3k63h/KrH+nhJ0XvQ=="
    },
    "node_modules/has-own-deep": {
      "version": "0.1.4",
      "resolved": "https://registry.npmjs.org/has-own-deep/-/has-own-deep-0.1.4.tgz",
      "integrity": "sha512-a9Dn8Q46DZySlvZqjCX5rkwS9AYIv3VQM3IoOhTXJVJ/cEmVDMLTrJClIihLS0a09PzhrEBbueji44ZQjLh19g==",
      "engines": {
        "node": ">=0.10.0"
      }
    },
    "node_modules/has-value": {
      "version": "0.2.1",
      "resolved": "https://registry.npmjs.org/has-value/-/has-value-0.2.1.tgz",
      "integrity": "sha512-fGWNETB2JNlWk9Lcwmpj/27UZJnROnwnl3nKRl24CriGjuQP1UeCjEDxfqA0v0NyriAXnw3qFdET195atNv7KQ==",
      "dependencies": {
        "get-value": "^2.0.0",
        "has-values": "^0.1.3"
      },
      "engines": {
        "node": ">=0.10.0"
      }
    },
    "node_modules/has-value/node_modules/get-value": {
      "version": "2.0.6",
      "resolved": "https://registry.npmjs.org/get-value/-/get-value-2.0.6.tgz",
      "integrity": "sha512-Ln0UQDlxH1BapMu3GPtf7CuYNwRZf2gwCuPqbyG6pB8WfmFpzqcy4xtAaAMUhnNqjMKTiCPZG2oMT3YSx8U2NA==",
      "engines": {
        "node": ">=0.10.0"
      }
    },
    "node_modules/has-values": {
      "version": "0.1.4",
      "resolved": "https://registry.npmjs.org/has-values/-/has-values-0.1.4.tgz",
      "integrity": "sha512-J8S0cEdWuQbqD9//tlZxiMuMNmxB8PlEwvYwuxsTmR1G5RXUePEX/SJn7aD0GMLieuZYSwNH0cQuJGwnYunXRQ==",
      "engines": {
        "node": ">=0.10.0"
      }
    },
    "node_modules/inflight": {
      "version": "1.0.6",
      "resolved": "https://registry.npmjs.org/inflight/-/inflight-1.0.6.tgz",
      "integrity": "sha512-k92I/b08q4wvFscXCLvqfsHCrjrF7yiXsQuIVvVE7N82W3+aqpzuUdBbfhWcy/FZR3/4IgflMgKLOsvPDrGCJA==",
      "dependencies": {
        "once": "^1.3.0",
        "wrappy": "1"
      }
    },
    "node_modules/inherits": {
      "version": "2.0.4",
      "resolved": "https://registry.npmjs.org/inherits/-/inherits-2.0.4.tgz",
      "integrity": "sha512-k/vGaX4/Yla3WzyMCvTQOXYeIHvqOKtnqBduzTHpzpQZzAskKMhZ2K+EnBiSM9zGSoIFeMpXKxa4dYeZIQqewQ=="
    },
    "node_modules/is-buffer": {
      "version": "1.1.6",
      "resolved": "https://registry.npmjs.org/is-buffer/-/is-buffer-1.1.6.tgz",
      "integrity": "sha512-NcdALwpXkTm5Zvvbk7owOUSvVvBKDgKP5/ewfXEznmQFfs4ZRmanOeKBTjRVjka3QFoN6XJ+9F3USqfHqTaU5w=="
    },
    "node_modules/is-extendable": {
      "version": "0.1.1",
      "resolved": "https://registry.npmjs.org/is-extendable/-/is-extendable-0.1.1.tgz",
      "integrity": "sha512-5BMULNob1vgFX6EjQw5izWDxrecWK9AM72rugNr0TFldMOi0fj6Jk+zeKIt0xGj4cEfQIJth4w3OKWOJ4f+AFw==",
      "engines": {
        "node": ">=0.10.0"
      }
    },
    "node_modules/isarray": {
      "version": "1.0.0",
      "resolved": "https://registry.npmjs.org/isarray/-/isarray-1.0.0.tgz",
      "integrity": "sha512-VLghIWNM6ELQzo7zwmcg0NmTVyWKYjvIeM83yjp0wRDTmUnrM678fQbcKBo6n2CJEF0szoG//ytg+TKla89ALQ=="
    },
    "node_modules/isobject": {
      "version": "2.1.0",
      "resolved": "https://registry.npmjs.org/isobject/-/isobject-2.1.0.tgz",
      "integrity": "sha512-+OUdGJlgjOBZDfxnDjYYG6zp487z0JGNQq3cYQYg5f5hKR+syHMsaztzGeml/4kGG55CSpKSpWTY+jYGgsHLgA==",
      "dependencies": {
        "isarray": "1.0.0"
      },
      "engines": {
        "node": ">=0.10.0"
      }
    },
    "node_modules/kind-of": {
      "version": "2.0.1",
      "resolved": "https://registry.npmjs.org/kind-of/-/kind-of-2.0.1.tgz",
      "integrity": "sha512-0u8i1NZ/mg0b+W3MGGw5I7+6Eib2nx72S/QvXa0hYjEkjTknYmEYQJwGu3mLC0BrhtJjtQafTkyRUQ75Kx0LVg==",
      "dependencies": {
        "is-buffer": "^1.0.2"
      },
      "engines": {
        "node": ">=0.10.0"
      }
    },
    "node_modules/lazy-cache": {
      "version": "0.2.7",
      "resolved": "https://registry.npmjs.org/lazy-cache/-/lazy-cache-0.2.7.tgz",
      "integrity": "sha512-gkX52wvU/R8DVMMt78ATVPFMJqfW8FPz1GZ1sVHBVQHmu/WvhIWE4cE1GBzhJNFicDeYhnwp6Rl35BcAIM3YOQ==",
      "engines": {
        "node": ">=0.10.0"
      }
    },
    "node_modules/map-visit": {
      "version": "0.1.5",
      "resolved": "https://registry.npmjs.org/map-visit/-/map-visit-0.1.5.tgz",
      "integrity": "sha512-zdmJBFvvVR/H5wCfsCP7XxSLp+346yAZ30Wy2OsQLcH19OVGMWa3Ms9quO00lj9ybsySu3gKOINNgICb4Zqauw==",
      "dependencies": {
        "lazy-cache": "^2.0.1",
        "object-visit": "^0.3.4"
      },
      "engines": {
        "node": ">=0.10.0"
      }
    },
    "node_modules/map-visit/node_modules/lazy-cache": {
      "version": "2.0.2",
      "resolved": "https://registry.npmjs.org/lazy-cache/-/lazy-cache-2.0.2.tgz",
      "integrity": "sha512-7vp2Acd2+Kz4XkzxGxaB1FWOi8KjWIWsgdfD5MCb86DWvlLqhRPM+d6Pro3iNEL5VT9mstz5hKAlcd+QR6H3aA==",
      "dependencies": {
        "set-getter": "^0.1.0"
      },
      "engines": {
        "node": ">=0.10.0"
      }
    },
    "node_modules/map-visit/node_modules/object-visit": {
      "version": "0.3.4",
      "resolved": "https://registry.npmjs.org/object-visit/-/object-visit-0.3.4.tgz",
      "integrity": "sha512-6QNyX7uTuwqxP7pmDBqgBDKdmZws1rXriUyXM5KG6+7J0aYRuuAGoc636IGdLzgOL77WUwL+EpoTJrEHwWsyOA==",
      "dependencies": {
        "isobject": "^2.0.0"
      },
      "engines": {
        "node": ">=0.10.0"
      }
    },
    "node_modules/minimatch": {
      "version": "3.1.2",
      "resolved": "https://registry.npmjs.org/minimatch/-/minimatch-3.1.2.tgz",
      "integrity": "sha512-J7p63hRiAjw1NDEww1W7i37+ByIrOWO5XQQAzZ3VOcL0PNybwpfmV/N05zFAzwQ9USyEcX6t3UO+K5aqBQOIHw==",
      "dependencies": {
        "brace-expansion": "^1.1.7"
      },
      "engines": {
        "node": "*"
      }
    },
    "node_modules/minimist": {
      "version": "1.2.8",
      "resolved": "https://registry.npmjs.org/minimist/-/minimist-1.2.8.tgz",
      "integrity": "sha512-2yyAR8qBkN3YuheJanUpWC5U3bb5osDywNB8RzDVlDwDHbocAJveqqj1u8+SVD7jkWT4yvsHCpWqqWqAxb0zCA==",
      "funding": {
        "url": "https://github.com/sponsors/ljharb"
      }
    },
    "node_modules/mkdirp": {
      "version": "0.5.6",
      "resolved": "https://registry.npmjs.org/mkdirp/-/mkdirp-0.5.6.tgz",
      "integrity": "sha512-FP+p8RB8OWpF3YZBCrP5gtADmtXApB5AMLn+vdyA+PyxCjrCs00mjyUozssO33cwDeT3wNGdLxJ5M//YqtHAJw==",
      "dependencies": {
        "minimist": "^1.2.6"
      },
      "bin": {
        "mkdirp": "bin/cmd.js"
      }
    },
    "node_modules/noncharacters": {
      "version": "1.1.0",
      "resolved": "https://registry.npmjs.org/noncharacters/-/noncharacters-1.1.0.tgz",
      "integrity": "sha512-U69XzMNq7UQXR27xT17tkQsHPsLc+5W9yfXvYzVCwFxghVf+7VttxFnCKFMxM/cHD+/QIyU009263hxIIurj4g==",
      "engines": {
        "node": ">=0.10.0"
      }
    },
    "node_modules/object-visit": {
      "version": "0.1.0",
      "resolved": "https://registry.npmjs.org/object-visit/-/object-visit-0.1.0.tgz",
      "integrity": "sha512-gPvtDz6xoiDNPMp3e/5sQGua8cgevJULRMdrX9dcgFbeaTuqGOW3g4OgrLragDA6NSfvS2iNBXrs8CWgBQq83A==",
      "dependencies": {
        "isobject": "^1.0.0"
      },
      "engines": {
        "node": ">=0.10.0"
      }
    },
    "node_modules/object-visit/node_modules/isobject": {
      "version": "1.0.2",
      "resolved": "https://registry.npmjs.org/isobject/-/isobject-1.0.2.tgz",
      "integrity": "sha512-WQQgFoML/sLgmhu9zTekYHZUJaPoa/fpVMQ8oxIuOvppzs70DxxyHZdAIjwcuuNDOVtNYsahhqtBbUvKwhRcGw==",
      "engines": {
        "node": ">=0.10.0"
      }
    },
    "node_modules/object.omit": {
      "version": "2.0.1",
      "resolved": "https://registry.npmjs.org/object.omit/-/object.omit-2.0.1.tgz",
      "integrity": "sha512-UiAM5mhmIuKLsOvrL+B0U2d1hXHF3bFYWIuH1LMpuV2EJEHG1Ntz06PgLEHjm6VFd87NpH8rastvPoyv6UW2fA==",
      "dependencies": {
        "for-own": "^0.1.4",
        "is-extendable": "^0.1.1"
      },
      "engines": {
        "node": ">=0.10.0"
      }
    },
    "node_modules/once": {
      "version": "1.4.0",
      "resolved": "https://registry.npmjs.org/once/-/once-1.4.0.tgz",
      "integrity": "sha512-lNaJgI+2Q5URQBkccEKHTQOPaXdUxnZZElQTZY0MFUAuaEqe1E+Nyvgdz/aIyNi6Z9MzO5dv1H8n58/GELp3+w==",
      "dependencies": {
        "wrappy": "1"
      }
    },
    "node_modules/path-is-absolute": {
      "version": "1.0.1",
      "resolved": "https://registry.npmjs.org/path-is-absolute/-/path-is-absolute-1.0.1.tgz",
      "integrity": "sha512-AVbw3UJ2e9bq64vSaS9Am0fje1Pa8pbGqTTsmXfaIiMpnr5DlDhfJOuLj9Sf95ZPVDAUerDfEk88MPmPe7UCQg==",
      "engines": {
        "node": ">=0.10.0"
      }
    },
    "node_modules/rimraf": {
      "version": "2.7.1",
      "resolved": "https://registry.npmjs.org/rimraf/-/rimraf-2.7.1.tgz",
      "integrity": "sha512-uWjbaKIK3T1OSVptzX7Nl6PvQ3qAGtKEtVRjRuazjfL3Bx5eI409VZSqgND+4UNnmzLVdPj9FqFJNPqBZFve4w==",
      "dependencies": {
        "glob": "^7.1.3"
      },
      "bin": {
        "rimraf": "bin.js"
      }
    },
    "node_modules/set-getter": {
      "version": "0.1.1",
      "resolved": "https://registry.npmjs.org/set-getter/-/set-getter-0.1.1.tgz",
      "integrity": "sha512-9sVWOy+gthr+0G9DzqqLaYNA7+5OKkSmcqjL9cBpDEaZrr3ShQlyX2cZ/O/ozE41oxn/Tt0LGEM/w4Rub3A3gw==",
      "dependencies": {
        "to-object-path": "^0.3.0"
      },
      "engines": {
        "node": ">=0.10.0"
      }
    },
    "node_modules/set-value": {
      "version": "0.2.0",
      "resolved": "https://registry.npmjs.org/set-value/-/set-value-0.2.0.tgz",
      "integrity": "sha512-dJaeu7V8d1KwjePimg1oOpGp31cEw/uRcZlfL7wwemkr+A00ev/ZhikvSMiQ4hkf83d8JdY2AFoFmXsKzmHMSw==",
      "deprecated": "Critical bug fixed in v3.0.1, please upgrade to the latest version.",
      "dependencies": {
        "isobject": "^1.0.0",
        "noncharacters": "^1.1.0"
      },
      "engines": {
        "node": ">=0.10.0"
      }
    },
    "node_modules/set-value/node_modules/isobject": {
      "version": "1.0.2",
      "resolved": "https://registry.npmjs.org/isobject/-/isobject-1.0.2.tgz",
      "integrity": "sha512-WQQgFoML/sLgmhu9zTekYHZUJaPoa/fpVMQ8oxIuOvppzs70DxxyHZdAIjwcuuNDOVtNYsahhqtBbUvKwhRcGw==",
      "engines": {
        "node": ">=0.10.0"
      }
    },
    "node_modules/snippet": {
      "version": "0.1.0",
      "resolved": "https://registry.npmjs.org/snippet/-/snippet-0.1.0.tgz",
      "integrity": "sha512-9l9kPqAW2Bte4X8bbWaybmQBXRn9vJ9N5Ysnl4OSGflD1TTdSxLzSXfmc0uCtROWfaOk6HD75xKKu1AuItf6tA==",
      "dependencies": {
        "ansi-red": "^0.1.1",
        "collection-visit": "^0.1.0",
        "data-store": "^0.8.0",
        "error-symbol": "^0.1.0",
        "export-files": "^2.0.1",
        "extend-shallow": "^2.0.1",
        "get-value": "^1.1.5",
        "isobject": "^2.0.0",
        "map-visit": "^0.1.0",
        "object-visit": "^0.1.0",
        "object.omit": "^2.0.0",
        "set-value": "^0.2.0",
        "starts-with": "^1.0.2",
        "ware": "^1.3.0"
      },
      "engines": {
        "node": ">=0.10.0"
      }
    },
    "node_modules/starts-with": {
      "version": "1.0.2",
      "resolved": "https://registry.npmjs.org/starts-with/-/starts-with-1.0.2.tgz",
      "integrity": "sha512-QUw5X+IMTGDm1nrdowEdDaA0MNiUmRlQFwpTTXmhuPKQc+7b0h8fOHtlt1zZqcEK5x1Fsitrobo7KEusc+d1rg=="
    },
    "node_modules/to-object-path": {
      "version": "0.3.0",
      "resolved": "https://registry.npmjs.org/to-object-path/-/to-object-path-0.3.0.tgz",
      "integrity": "sha512-9mWHdnGRuh3onocaHzukyvCZhzvr6tiflAy/JRFXcJX0TjgfWA9pk9t8CMbzmBE4Jfw58pXbkngtBtqYxzNEyg==",
      "dependencies": {
        "kind-of": "^3.0.2"
      },
      "engines": {
        "node": ">=0.10.0"
      }
    },
    "node_modules/to-object-path/node_modules/kind-of": {
      "version": "3.2.2",
      "resolved": "https://registry.npmjs.org/kind-of/-/kind-of-3.2.2.tgz",
      "integrity": "sha512-NOW9QQXMoZGg/oqnVNoNTTIFEIid1627WCffUBJEdMxYApq7mNE7CpzucIPc+ZQg25Phej7IJSmX3hO+oblOtQ==",
      "dependencies": {
        "is-buffer": "^1.1.5"
      },
      "engines": {
        "node": ">=0.10.0"
      }
    },
    "node_modules/union-value": {
      "version": "0.1.1",
      "resolved": "https://registry.npmjs.org/union-value/-/union-value-0.1.1.tgz",
      "integrity": "sha512-Qg4unegp1KEPOdYN8ABiZ3DwEfd4ndi9dQXhHX6IXpbnsciN7b7Vl4N0VgKHg3NCzq/Li33VIuLZidiv9XybpA==",
      "dependencies": {
        "arr-union": "^3.0.0",
        "get-value": "^1.1.5",
        "is-extendable": "^0.1.1",
        "set-value": "^0.2.0"
      },
      "engines": {
        "node": ">=0.10.0"
      }
    },
    "node_modules/ware": {
      "version": "1.3.0",
      "resolved": "https://registry.npmjs.org/ware/-/ware-1.3.0.tgz",
      "integrity": "sha512-Y2HUDMktriUm+SR2gZWxlrszcgtXExlhQYZ8QJNYbl22jum00KIUcHJ/h/sdAXhWTJcbSkiMYN9Z2tWbWYSrrw==",
      "dependencies": {
        "wrap-fn": "^0.1.0"
      }
    },
    "node_modules/wrap-fn": {
      "version": "0.1.5",
      "resolved": "https://registry.npmjs.org/wrap-fn/-/wrap-fn-0.1.5.tgz",
      "integrity": "sha512-xDLdGx0M8JQw9QDAC9s5NUxtg9MI09F6Vbxa2LYoSoCvzJnx2n81YMIfykmXEGsUvuLaxnblJTzhSOjUOX37ag==",
      "dependencies": {
        "co": "3.1.0"
      }
    },
    "node_modules/wrappy": {
      "version": "1.0.2",
      "resolved": "https://registry.npmjs.org/wrappy/-/wrappy-1.0.2.tgz",
      "integrity": "sha512-l4Sp/DRseor9wL6EvV2+TuQn63dMkPjZ/sp9XkghTEbV9KlPS1xUsZ3u7/IQO4wxtcFB4bgpQPRcR3QCvezPcQ=="
    }
  },
  "dependencies": {
    "ansi-red": {
      "version": "0.1.1",
      "resolved": "https://registry.npmjs.org/ansi-red/-/ansi-red-0.1.1.tgz",
      "integrity": "sha512-ewaIr5y+9CUTGFwZfpECUbFlGcC0GCw1oqR9RI6h1gQCd9Aj2GxSckCnPsVJnmfMZbwFYE+leZGASgkWl06Jow==",
      "requires": {
        "ansi-wrap": "0.1.0"
      }
    },
    "ansi-wrap": {
      "version": "0.1.0",
      "resolved": "https://registry.npmjs.org/ansi-wrap/-/ansi-wrap-0.1.0.tgz",
      "integrity": "sha512-ZyznvL8k/FZeQHr2T6LzcJ/+vBApDnMNZvfVFy3At0knswWd6rJ3/0Hhmpu8oqa6C92npmozs890sX9Dl6q+Qw=="
    },
    "arr-flatten": {
      "version": "1.1.0",
      "resolved": "https://registry.npmjs.org/arr-flatten/-/arr-flatten-1.1.0.tgz",
      "integrity": "sha512-L3hKV5R/p5o81R7O02IGnwpDmkp6E982XhtbuwSe3O4qOtMMMtodicASA1Cny2U+aCXcNpml+m4dPsvsJ3jatg=="
    },
    "arr-union": {
      "version": "3.1.0",
      "resolved": "https://registry.npmjs.org/arr-union/-/arr-union-3.1.0.tgz",
      "integrity": "sha512-sKpyeERZ02v1FeCZT8lrfJq5u6goHCtpTAzPwJYe7c8SPFOboNjNg1vz2L4VTn9T4PQxEx13TbXLmYUcS6Ug7Q=="
    },
    "balanced-match": {
      "version": "1.0.2",
      "resolved": "https://registry.npmjs.org/balanced-match/-/balanced-match-1.0.2.tgz",
      "integrity": "sha512-3oSeUO0TMV67hN1AmbXsK4yaqU7tjiHlbxRDZOpH0KW9+CeX4bRAaX0Anxt0tx2MrpRpWwQaPwIlISEJhYU5Pw=="
    },
    "brace-expansion": {
      "version": "1.1.11",
      "resolved": "https://registry.npmjs.org/brace-expansion/-/brace-expansion-1.1.11.tgz",
      "integrity": "sha512-iCuPHDFgrHX7H2vEI/5xpz07zSHB00TpugqhmYtVmMO6518mCuRMoOYFldEBl0g187ufozdaHgWKcYFb61qGiA==",
      "requires": {
        "balanced-match": "^1.0.0",
        "concat-map": "0.0.1"
      }
    },
    "co": {
      "version": "3.1.0",
      "resolved": "https://registry.npmjs.org/co/-/co-3.1.0.tgz",
      "integrity": "sha512-CQsjCRiNObI8AtTsNIBDRMQ4oMR83CzEswHYahClvul7gKk+lDQiOKv+5qh7LQWf5sh6jkZNispz/QlsZxyNgA=="
    },
    "collection-visit": {
      "version": "0.1.1",
      "resolved": "https://registry.npmjs.org/collection-visit/-/collection-visit-0.1.1.tgz",
      "integrity": "sha512-h2wK0wOJBi6aqnvhPTfCVffjWQbqajfGxEofIsxHkrrOd3g2wEWRmB9YPJDKhAxqzQDjdOFyOs+92riYFMwKbg==",
      "requires": {
        "map-visit": "^0.1.0",
        "object-visit": "^0.1.0"
      }
    },
    "component-emitter": {
      "version": "1.3.0",
      "resolved": "https://registry.npmjs.org/component-emitter/-/component-emitter-1.3.0.tgz",
      "integrity": "sha512-Rd3se6QB+sO1TwqZjscQrurpEPIfO0/yYnSin6Q/rD3mOutHvUrCAhJub3r90uNb+SESBuE0QYoB90YdfatsRg=="
    },
    "concat-map": {
      "version": "0.0.1",
      "resolved": "https://registry.npmjs.org/concat-map/-/concat-map-0.0.1.tgz",
      "integrity": "sha512-/Srv4dswyQNBfohGpz9o6Yb3Gz3SrUDqBH5rTuhGR7ahtlbYKnVxw2bCFMRljaA7EXHaXZ8wsHdodFvbkhKmqg=="
    },
    "data-store": {
      "version": "0.8.2",
      "resolved": "https://registry.npmjs.org/data-store/-/data-store-0.8.2.tgz",
      "integrity": "sha512-Rs2PM9oGRCotfSZJKXqjOPGSdc+1CYDCAnH3JlM6UfWX8Urjb9jYLkdB+zgjpBbPMlBAI5R/eHrhgs+ioJ5QbA==",
      "requires": {
        "collection-visit": "^0.1.1",
        "component-emitter": "^1.2.0",
        "extend-shallow": "^2.0.1",
        "get-value": "^1.1.5",
        "graceful-fs": "^4.1.2",
        "has-own-deep": "^0.1.4",
        "has-value": "^0.2.0",
        "kind-of": "^2.0.0",
        "lazy-cache": "^0.2.2",
        "mkdirp": "^0.5.1",
        "object.omit": "^2.0.0",
        "rimraf": "^2.4.2",
        "set-value": "^0.2.0",
        "union-value": "^0.1.1"
      }
    },
    "error-symbol": {
      "version": "0.1.0",
      "resolved": "https://registry.npmjs.org/error-symbol/-/error-symbol-0.1.0.tgz",
      "integrity": "sha512-VyjaKxUmeDX/m2lxm/aknsJ1GWDWUO2Ze2Ad8S1Pb9dykAm9TjSKp5CjrNyltYqZ5W/PO6TInAmO2/BfwMyT1g=="
    },
    "export-files": {
      "version": "2.1.1",
      "resolved": "https://registry.npmjs.org/export-files/-/export-files-2.1.1.tgz",
      "integrity": "sha512-r2x1Zt0OKgdXRy0bXis3sOI8TNYmo5Fe71qXwsvpYaMvIlH5G0fWEf3AYiE2bONjePdSOojca7Jw+p9CQ6/6NQ==",
      "requires": {
        "lazy-cache": "^1.0.3"
      },
      "dependencies": {
        "lazy-cache": {
          "version": "1.0.4",
          "resolved": "https://registry.npmjs.org/lazy-cache/-/lazy-cache-1.0.4.tgz",
          "integrity": "sha512-RE2g0b5VGZsOCFOCgP7omTRYFqydmZkBwl5oNnQ1lDYC57uyO9KqNnNVxT7COSHTxrRCWVcAVOcbjk+tvh/rgQ=="
        }
      }
    },
    "extend-shallow": {
      "version": "2.0.1",
      "resolved": "https://registry.npmjs.org/extend-shallow/-/extend-shallow-2.0.1.tgz",
      "integrity": "sha512-zCnTtlxNoAiDc3gqY2aYAWFx7XWWiasuF2K8Me5WbN8otHKTUKBwjPtNpRs/rbUZm7KxWAaNj7P1a/p52GbVug==",
      "requires": {
        "is-extendable": "^0.1.0"
      }
    },
    "for-in": {
      "version": "1.0.2",
      "resolved": "https://registry.npmjs.org/for-in/-/for-in-1.0.2.tgz",
      "integrity": "sha512-7EwmXrOjyL+ChxMhmG5lnW9MPt1aIeZEwKhQzoBUdTV0N3zuwWDZYVJatDvZ2OyzPUvdIAZDsCetk3coyMfcnQ=="
    },
    "for-own": {
      "version": "0.1.5",
      "resolved": "https://registry.npmjs.org/for-own/-/for-own-0.1.5.tgz",
      "integrity": "sha512-SKmowqGTJoPzLO1T0BBJpkfp3EMacCMOuH40hOUbrbzElVktk4DioXVM99QkLCyKoiuOmyjgcWMpVz2xjE7LZw==",
      "requires": {
        "for-in": "^1.0.1"
      }
    },
    "fs.realpath": {
      "version": "1.0.0",
      "resolved": "https://registry.npmjs.org/fs.realpath/-/fs.realpath-1.0.0.tgz",
      "integrity": "sha512-OO0pH2lK6a0hZnAdau5ItzHPI6pUlvI7jMVnxUQRtw4owF2wk8lOSabtGDCTP4Ggrg2MbGnWO9X8K1t4+fGMDw=="
    },
    "get-value": {
      "version": "1.3.1",
      "resolved": "https://registry.npmjs.org/get-value/-/get-value-1.3.1.tgz",
      "integrity": "sha512-TrDxHI5wqgpM5Guhoz7xmblwy7kzhDauSs4df3NP907yFmLtCkOau8YtGo087jZXKDwP22NG6fCo0UA4EFLjOw==",
      "requires": {
        "arr-flatten": "^1.0.1",
        "is-extendable": "^0.1.1",
        "lazy-cache": "^0.2.4",
        "noncharacters": "^1.1.0"
      }
    },
    "glob": {
      "version": "7.2.3",
      "resolved": "https://registry.npmjs.org/glob/-/glob-7.2.3.tgz",
      "integrity": "sha512-nFR0zLpU2YCaRxwoCJvL6UvCH2JFyFVIvwTLsIf21AuHlMskA1hhTdk+LlYJtOlYt9v6dvszD2BGRqBL+iQK9Q==",
      "requires": {
        "fs.realpath": "^1.0.0",
        "inflight": "^1.0.4",
        "inherits": "2",
        "minimatch": "^3.1.1",
        "once": "^1.3.0",
        "path-is-absolute": "^1.0.0"
      }
    },
    "graceful-fs": {
      "version": "4.2.11",
      "resolved": "https://registry.npmjs.org/graceful-fs/-/graceful-fs-4.2.11.tgz",
      "integrity": "sha512-RbJ5/jmFcNNCcDV5o9eTnBLJ/HszWV0P73bc+Ff4nS/rJj+YaS6IGyiOL0VoBYX+l1Wrl3k63h/KrH+nhJ0XvQ=="
    },
    "has-own-deep": {
      "version": "0.1.4",
      "resolved": "https://registry.npmjs.org/has-own-deep/-/has-own-deep-0.1.4.tgz",
      "integrity": "sha512-a9Dn8Q46DZySlvZqjCX5rkwS9AYIv3VQM3IoOhTXJVJ/cEmVDMLTrJClIihLS0a09PzhrEBbueji44ZQjLh19g=="
    },
    "has-value": {
      "version": "0.2.1",
      "resolved": "https://registry.npmjs.org/has-value/-/has-value-0.2.1.tgz",
      "integrity": "sha512-fGWNETB2JNlWk9Lcwmpj/27UZJnROnwnl3nKRl24CriGjuQP1UeCjEDxfqA0v0NyriAXnw3qFdET195atNv7KQ==",
      "requires": {
        "get-value": "^2.0.0",
        "has-values": "^0.1.3"
      },
      "dependencies": {
        "get-value": {
          "version": "2.0.6",
          "resolved": "https://registry.npmjs.org/get-value/-/get-value-2.0.6.tgz",
          "integrity": "sha512-Ln0UQDlxH1BapMu3GPtf7CuYNwRZf2gwCuPqbyG6pB8WfmFpzqcy4xtAaAMUhnNqjMKTiCPZG2oMT3YSx8U2NA=="
        }
      }
    },
    "has-values": {
      "version": "0.1.4",
      "resolved": "https://registry.npmjs.org/has-values/-/has-values-0.1.4.tgz",
      "integrity": "sha512-J8S0cEdWuQbqD9//tlZxiMuMNmxB8PlEwvYwuxsTmR1G5RXUePEX/SJn7aD0GMLieuZYSwNH0cQuJGwnYunXRQ=="
    },
    "inflight": {
      "version": "1.0.6",
      "resolved": "https://registry.npmjs.org/inflight/-/inflight-1.0.6.tgz",
      "integrity": "sha512-k92I/b08q4wvFscXCLvqfsHCrjrF7yiXsQuIVvVE7N82W3+aqpzuUdBbfhWcy/FZR3/4IgflMgKLOsvPDrGCJA==",
      "requires": {
        "once": "^1.3.0",
        "wrappy": "1"
      }
    },
    "inherits": {
      "version": "2.0.4",
      "resolved": "https://registry.npmjs.org/inherits/-/inherits-2.0.4.tgz",
      "integrity": "sha512-k/vGaX4/Yla3WzyMCvTQOXYeIHvqOKtnqBduzTHpzpQZzAskKMhZ2K+EnBiSM9zGSoIFeMpXKxa4dYeZIQqewQ=="
    },
    "is-buffer": {
      "version": "1.1.6",
      "resolved": "https://registry.npmjs.org/is-buffer/-/is-buffer-1.1.6.tgz",
      "integrity": "sha512-NcdALwpXkTm5Zvvbk7owOUSvVvBKDgKP5/ewfXEznmQFfs4ZRmanOeKBTjRVjka3QFoN6XJ+9F3USqfHqTaU5w=="
    },
    "is-extendable": {
      "version": "0.1.1",
      "resolved": "https://registry.npmjs.org/is-extendable/-/is-extendable-0.1.1.tgz",
      "integrity": "sha512-5BMULNob1vgFX6EjQw5izWDxrecWK9AM72rugNr0TFldMOi0fj6Jk+zeKIt0xGj4cEfQIJth4w3OKWOJ4f+AFw=="
    },
    "isarray": {
      "version": "1.0.0",
      "resolved": "https://registry.npmjs.org/isarray/-/isarray-1.0.0.tgz",
      "integrity": "sha512-VLghIWNM6ELQzo7zwmcg0NmTVyWKYjvIeM83yjp0wRDTmUnrM678fQbcKBo6n2CJEF0szoG//ytg+TKla89ALQ=="
    },
    "isobject": {
      "version": "2.1.0",
      "resolved": "https://registry.npmjs.org/isobject/-/isobject-2.1.0.tgz",
      "integrity": "sha512-+OUdGJlgjOBZDfxnDjYYG6zp487z0JGNQq3cYQYg5f5hKR+syHMsaztzGeml/4kGG55CSpKSpWTY+jYGgsHLgA==",
      "requires": {
        "isarray": "1.0.0"
      }
    },
    "kind-of": {
      "version": "2.0.1",
      "resolved": "https://registry.npmjs.org/kind-of/-/kind-of-2.0.1.tgz",
      "integrity": "sha512-0u8i1NZ/mg0b+W3MGGw5I7+6Eib2nx72S/QvXa0hYjEkjTknYmEYQJwGu3mLC0BrhtJjtQafTkyRUQ75Kx0LVg==",
      "requires": {
        "is-buffer": "^1.0.2"
      }
    },
    "lazy-cache": {
      "version": "0.2.7",
      "resolved": "https://registry.npmjs.org/lazy-cache/-/lazy-cache-0.2.7.tgz",
      "integrity": "sha512-gkX52wvU/R8DVMMt78ATVPFMJqfW8FPz1GZ1sVHBVQHmu/WvhIWE4cE1GBzhJNFicDeYhnwp6Rl35BcAIM3YOQ=="
    },
    "map-visit": {
      "version": "0.1.5",
      "resolved": "https://registry.npmjs.org/map-visit/-/map-visit-0.1.5.tgz",
      "integrity": "sha512-zdmJBFvvVR/H5wCfsCP7XxSLp+346yAZ30Wy2OsQLcH19OVGMWa3Ms9quO00lj9ybsySu3gKOINNgICb4Zqauw==",
      "requires": {
        "lazy-cache": "^2.0.1",
        "object-visit": "^0.3.4"
      },
      "dependencies": {
        "lazy-cache": {
          "version": "2.0.2",
          "resolved": "https://registry.npmjs.org/lazy-cache/-/lazy-cache-2.0.2.tgz",
          "integrity": "sha512-7vp2Acd2+Kz4XkzxGxaB1FWOi8KjWIWsgdfD5MCb86DWvlLqhRPM+d6Pro3iNEL5VT9mstz5hKAlcd+QR6H3aA==",
          "requires": {
            "set-getter": "^0.1.0"
          }
        },
        "object-visit": {
          "version": "0.3.4",
          "resolved": "https://registry.npmjs.org/object-visit/-/object-visit-0.3.4.tgz",
          "integrity": "sha512-6QNyX7uTuwqxP7pmDBqgBDKdmZws1rXriUyXM5KG6+7J0aYRuuAGoc636IGdLzgOL77WUwL+EpoTJrEHwWsyOA==",
          "requires": {
            "isobject": "^2.0.0"
          }
        }
      }
    },
    "minimatch": {
      "version": "3.1.2",
      "resolved": "https://registry.npmjs.org/minimatch/-/minimatch-3.1.2.tgz",
      "integrity": "sha512-J7p63hRiAjw1NDEww1W7i37+ByIrOWO5XQQAzZ3VOcL0PNybwpfmV/N05zFAzwQ9USyEcX6t3UO+K5aqBQOIHw==",
      "requires": {
        "brace-expansion": "^1.1.7"
      }
    },
    "minimist": {
      "version": "1.2.8",
      "resolved": "https://registry.npmjs.org/minimist/-/minimist-1.2.8.tgz",
      "integrity": "sha512-2yyAR8qBkN3YuheJanUpWC5U3bb5osDywNB8RzDVlDwDHbocAJveqqj1u8+SVD7jkWT4yvsHCpWqqWqAxb0zCA=="
    },
    "mkdirp": {
      "version": "0.5.6",
      "resolved": "https://registry.npmjs.org/mkdirp/-/mkdirp-0.5.6.tgz",
      "integrity": "sha512-FP+p8RB8OWpF3YZBCrP5gtADmtXApB5AMLn+vdyA+PyxCjrCs00mjyUozssO33cwDeT3wNGdLxJ5M//YqtHAJw==",
      "requires": {
        "minimist": "^1.2.6"
      }
    },
    "noncharacters": {
      "version": "1.1.0",
      "resolved": "https://registry.npmjs.org/noncharacters/-/noncharacters-1.1.0.tgz",
      "integrity": "sha512-U69XzMNq7UQXR27xT17tkQsHPsLc+5W9yfXvYzVCwFxghVf+7VttxFnCKFMxM/cHD+/QIyU009263hxIIurj4g=="
    },
    "object-visit": {
      "version": "0.1.0",
      "resolved": "https://registry.npmjs.org/object-visit/-/object-visit-0.1.0.tgz",
      "integrity": "sha512-gPvtDz6xoiDNPMp3e/5sQGua8cgevJULRMdrX9dcgFbeaTuqGOW3g4OgrLragDA6NSfvS2iNBXrs8CWgBQq83A==",
      "requires": {
        "isobject": "^1.0.0"
      },
      "dependencies": {
        "isobject": {
          "version": "1.0.2",
          "resolved": "https://registry.npmjs.org/isobject/-/isobject-1.0.2.tgz",
          "integrity": "sha512-WQQgFoML/sLgmhu9zTekYHZUJaPoa/fpVMQ8oxIuOvppzs70DxxyHZdAIjwcuuNDOVtNYsahhqtBbUvKwhRcGw=="
        }
      }
    },
    "object.omit": {
      "version": "2.0.1",
      "resolved": "https://registry.npmjs.org/object.omit/-/object.omit-2.0.1.tgz",
      "integrity": "sha512-UiAM5mhmIuKLsOvrL+B0U2d1hXHF3bFYWIuH1LMpuV2EJEHG1Ntz06PgLEHjm6VFd87NpH8rastvPoyv6UW2fA==",
      "requires": {
        "for-own": "^0.1.4",
        "is-extendable": "^0.1.1"
      }
    },
    "once": {
      "version": "1.4.0",
      "resolved": "https://registry.npmjs.org/once/-/once-1.4.0.tgz",
      "integrity": "sha512-lNaJgI+2Q5URQBkccEKHTQOPaXdUxnZZElQTZY0MFUAuaEqe1E+Nyvgdz/aIyNi6Z9MzO5dv1H8n58/GELp3+w==",
      "requires": {
        "wrappy": "1"
      }
    },
    "path-is-absolute": {
      "version": "1.0.1",
      "resolved": "https://registry.npmjs.org/path-is-absolute/-/path-is-absolute-1.0.1.tgz",
      "integrity": "sha512-AVbw3UJ2e9bq64vSaS9Am0fje1Pa8pbGqTTsmXfaIiMpnr5DlDhfJOuLj9Sf95ZPVDAUerDfEk88MPmPe7UCQg=="
    },
    "rimraf": {
      "version": "2.7.1",
      "resolved": "https://registry.npmjs.org/rimraf/-/rimraf-2.7.1.tgz",
      "integrity": "sha512-uWjbaKIK3T1OSVptzX7Nl6PvQ3qAGtKEtVRjRuazjfL3Bx5eI409VZSqgND+4UNnmzLVdPj9FqFJNPqBZFve4w==",
      "requires": {
        "glob": "^7.1.3"
      }
    },
    "set-getter": {
      "version": "0.1.1",
      "resolved": "https://registry.npmjs.org/set-getter/-/set-getter-0.1.1.tgz",
      "integrity": "sha512-9sVWOy+gthr+0G9DzqqLaYNA7+5OKkSmcqjL9cBpDEaZrr3ShQlyX2cZ/O/ozE41oxn/Tt0LGEM/w4Rub3A3gw==",
      "requires": {
        "to-object-path": "^0.3.0"
      }
    },
    "set-value": {
      "version": "0.2.0",
      "resolved": "https://registry.npmjs.org/set-value/-/set-value-0.2.0.tgz",
      "integrity": "sha512-dJaeu7V8d1KwjePimg1oOpGp31cEw/uRcZlfL7wwemkr+A00ev/ZhikvSMiQ4hkf83d8JdY2AFoFmXsKzmHMSw==",
      "requires": {
        "isobject": "^1.0.0",
        "noncharacters": "^1.1.0"
      },
      "dependencies": {
        "isobject": {
          "version": "1.0.2",
          "resolved": "https://registry.npmjs.org/isobject/-/isobject-1.0.2.tgz",
          "integrity": "sha512-WQQgFoML/sLgmhu9zTekYHZUJaPoa/fpVMQ8oxIuOvppzs70DxxyHZdAIjwcuuNDOVtNYsahhqtBbUvKwhRcGw=="
        }
      }
    },
    "snippet": {
      "version": "0.1.0",
      "resolved": "https://registry.npmjs.org/snippet/-/snippet-0.1.0.tgz",
      "integrity": "sha512-9l9kPqAW2Bte4X8bbWaybmQBXRn9vJ9N5Ysnl4OSGflD1TTdSxLzSXfmc0uCtROWfaOk6HD75xKKu1AuItf6tA==",
      "requires": {
        "ansi-red": "^0.1.1",
        "collection-visit": "^0.1.0",
        "data-store": "^0.8.0",
        "error-symbol": "^0.1.0",
        "export-files": "^2.0.1",
        "extend-shallow": "^2.0.1",
        "get-value": "^1.1.5",
        "isobject": "^2.0.0",
        "map-visit": "^0.1.0",
        "object-visit": "^0.1.0",
        "object.omit": "^2.0.0",
        "set-value": "^0.2.0",
        "starts-with": "^1.0.2",
        "ware": "^1.3.0"
      }
    },
    "starts-with": {
      "version": "1.0.2",
      "resolved": "https://registry.npmjs.org/starts-with/-/starts-with-1.0.2.tgz",
      "integrity": "sha512-QUw5X+IMTGDm1nrdowEdDaA0MNiUmRlQFwpTTXmhuPKQc+7b0h8fOHtlt1zZqcEK5x1Fsitrobo7KEusc+d1rg=="
    },
    "to-object-path": {
      "version": "0.3.0",
      "resolved": "https://registry.npmjs.org/to-object-path/-/to-object-path-0.3.0.tgz",
      "integrity": "sha512-9mWHdnGRuh3onocaHzukyvCZhzvr6tiflAy/JRFXcJX0TjgfWA9pk9t8CMbzmBE4Jfw58pXbkngtBtqYxzNEyg==",
      "requires": {
        "kind-of": "^3.0.2"
      },
      "dependencies": {
        "kind-of": {
          "version": "3.2.2",
          "resolved": "https://registry.npmjs.org/kind-of/-/kind-of-3.2.2.tgz",
          "integrity": "sha512-NOW9QQXMoZGg/oqnVNoNTTIFEIid1627WCffUBJEdMxYApq7mNE7CpzucIPc+ZQg25Phej7IJSmX3hO+oblOtQ==",
          "requires": {
            "is-buffer": "^1.1.5"
          }
        }
      }
    },
    "union-value": {
      "version": "0.1.1",
      "resolved": "https://registry.npmjs.org/union-value/-/union-value-0.1.1.tgz",
      "integrity": "sha512-Qg4unegp1KEPOdYN8ABiZ3DwEfd4ndi9dQXhHX6IXpbnsciN7b7Vl4N0VgKHg3NCzq/Li33VIuLZidiv9XybpA==",
      "requires": {
        "arr-union": "^3.0.0",
        "get-value": "^1.1.5",
        "is-extendable": "^0.1.1",
        "set-value": "^0.2.0"
      }
    },
    "ware": {
      "version": "1.3.0",
      "resolved": "https://registry.npmjs.org/ware/-/ware-1.3.0.tgz",
      "integrity": "sha512-Y2HUDMktriUm+SR2gZWxlrszcgtXExlhQYZ8QJNYbl22jum00KIUcHJ/h/sdAXhWTJcbSkiMYN9Z2tWbWYSrrw==",
      "requires": {
        "wrap-fn": "^0.1.0"
      }
    },
    "wrap-fn": {
      "version": "0.1.5",
      "resolved": "https://registry.npmjs.org/wrap-fn/-/wrap-fn-0.1.5.tgz",
      "integrity": "sha512-xDLdGx0M8JQw9QDAC9s5NUxtg9MI09F6Vbxa2LYoSoCvzJnx2n81YMIfykmXEGsUvuLaxnblJTzhSOjUOX37ag==",
      "requires": {
        "co": "3.1.0"
      }
    },
    "wrappy": {
      "version": "1.0.2",
      "resolved": "https://registry.npmjs.org/wrappy/-/wrappy-1.0.2.tgz",
      "integrity": "sha512-l4Sp/DRseor9wL6EvV2+TuQn63dMkPjZ/sp9XkghTEbV9KlPS1xUsZ3u7/IQO4wxtcFB4bgpQPRcR3QCvezPcQ=="
    }
  }
}
